
Microsoft Visual Studio Solution File, Format Version 12.00
# Visual Studio Version 17
VisualStudioVersion = 17.10.35013.160
MinimumVisualStudioVersion = 10.0.40219.1
Project("{8BC9CEB8-8B4A-11D0-8D11-00A0C91BC942}") = "D3DEngine", "D3DEngine\D3DEngine.vcxproj", "{04D5527A-CC4B-40E6-9847-FBDA796C3BE1}"
EndProject
Project("{8BC9CEB8-8B4A-11D0-8D11-00A0C91BC942}") = "Common", "Common\Common.vcxproj", "{5C0F33E2-D4E1-4E0C-B1FD-3EC94CE4B5A3}"
EndProject
Project("{8BC9CEB8-8B4A-11D0-8D11-00A0C91BC942}") = "AssetManager", "AssetManager\AssetManager.vcxproj", "{0D914B36-F7B8-4020-ADC6-82CB46E2E88A}"
	ProjectSection(ProjectDependencies) = postProject
		{5C0F33E2-D4E1-4E0C-B1FD-3EC94CE4B5A3} = {5C0F33E2-D4E1-4E0C-B1FD-3EC94CE4B5A3}
	EndProjectSection
EndProject
Project("{8BC9CEB8-8B4A-11D0-8D11-00A0C91BC942}") = "Client", "Client\Client.vcxproj", "{360D35B9-38C3-49CB-B67D-7A8E7E143503}"
	ProjectSection(ProjectDependencies) = postProject
		{04D5527A-CC4B-40E6-9847-FBDA796C3BE1} = {04D5527A-CC4B-40E6-9847-FBDA796C3BE1}
		{5C0F33E2-D4E1-4E0C-B1FD-3EC94CE4B5A3} = {5C0F33E2-D4E1-4E0C-B1FD-3EC94CE4B5A3}
	EndProjectSection
EndProject
Global
	GlobalSection(SolutionConfigurationPlatforms) = preSolution
		Debug|x64 = Debug|x64
		Debug|x86 = Debug|x86
		Release|x64 = Release|x64
		Release|x86 = Release|x86
	EndGlobalSection
	GlobalSection(ProjectConfigurationPlatforms) = postSolution
		{04D5527A-CC4B-40E6-9847-FBDA796C3BE1}.Debug|x64.ActiveCfg = Debug|x64
		{04D5527A-CC4B-40E6-9847-FBDA796C3BE1}.Debug|x64.Build.0 = Debug|x64
		{04D5527A-CC4B-40E6-9847-FBDA796C3BE1}.Debug|x86.ActiveCfg = Debug|Win32
		{04D5527A-CC4B-40E6-9847-FBDA796C3BE1}.Debug|x86.Build.0 = Debug|Win32
		{04D5527A-CC4B-40E6-9847-FBDA796C3BE1}.Release|x64.ActiveCfg = Release|x64
		{04D5527A-CC4B-40E6-9847-FBDA796C3BE1}.Release|x64.Build.0 = Release|x64
		{04D5527A-CC4B-40E6-9847-FBDA796C3BE1}.Release|x86.ActiveCfg = Release|Win32
		{04D5527A-CC4B-40E6-9847-FBDA796C3BE1}.Release|x86.Build.0 = Release|Win32
		{5C0F33E2-D4E1-4E0C-B1FD-3EC94CE4B5A3}.Debug|x64.ActiveCfg = Debug|x64
		{5C0F33E2-D4E1-4E0C-B1FD-3EC94CE4B5A3}.Debug|x64.Build.0 = Debug|x64
		{5C0F33E2-D4E1-4E0C-B1FD-3EC94CE4B5A3}.Debug|x86.ActiveCfg = Debug|Win32
		{5C0F33E2-D4E1-4E0C-B1FD-3EC94CE4B5A3}.Debug|x86.Build.0 = Debug|Win32
		{5C0F33E2-D4E1-4E0C-B1FD-3EC94CE4B5A3}.Release|x64.ActiveCfg = Release|x64
		{5C0F33E2-D4E1-4E0C-B1FD-3EC94CE4B5A3}.Release|x64.Build.0 = Release|x64
		{5C0F33E2-D4E1-4E0C-B1FD-3EC94CE4B5A3}.Release|x86.ActiveCfg = Release|Win32
		{5C0F33E2-D4E1-4E0C-B1FD-3EC94CE4B5A3}.Release|x86.Build.0 = Release|Win32
		{0D914B36-F7B8-4020-ADC6-82CB46E2E88A}.Debug|x64.ActiveCfg = Debug|x64
		{0D914B36-F7B8-4020-ADC6-82CB46E2E88A}.Debug|x64.Build.0 = Debug|x64
		{0D914B36-F7B8-4020-ADC6-82CB46E2E88A}.Debug|x86.ActiveCfg = Debug|x64
		{0D914B36-F7B8-4020-ADC6-82CB46E2E88A}.Debug|x86.Build.0 = Debug|x64
		{0D914B36-F7B8-4020-ADC6-82CB46E2E88A}.Release|x64.ActiveCfg = Release|x64
		{0D914B36-F7B8-4020-ADC6-82CB46E2E88A}.Release|x64.Build.0 = Release|x64
		{0D914B36-F7B8-4020-ADC6-82CB46E2E88A}.Release|x86.ActiveCfg = Release|x64
		{0D914B36-F7B8-4020-ADC6-82CB46E2E88A}.Release|x86.Build.0 = Release|x64
		{360D35B9-38C3-49CB-B67D-7A8E7E143503}.Debug|x64.ActiveCfg = Debug|x64
		{360D35B9-38C3-49CB-B67D-7A8E7E143503}.Debug|x64.Build.0 = Debug|x64
		{360D35B9-38C3-49CB-B67D-7A8E7E143503}.Debug|x86.ActiveCfg = Debug|Win32
		{360D35B9-38C3-49CB-B67D-7A8E7E143503}.Debug|x86.Build.0 = Debug|Win32
		{360D35B9-38C3-49CB-B67D-7A8E7E143503}.Release|x64.ActiveCfg = Release|x64
		{360D35B9-38C3-49CB-B67D-7A8E7E143503}.Release|x64.Build.0 = Release|x64
		{360D35B9-38C3-49CB-B67D-7A8E7E143503}.Release|x86.ActiveCfg = Release|Win32
		{360D35B9-38C3-49CB-B67D-7A8E7E143503}.Release|x86.Build.0 = Release|Win32
	EndGlobalSection
	GlobalSection(SolutionProperties) = preSolution
		HideSolutionNode = FALSE
	EndGlobalSection
	GlobalSection(ExtensibilityGlobals) = postSolution
		SolutionGuid = {94E27E98-77A7-4FB8-BA1C-17086ED8F572}
	EndGlobalSection
EndGlobal
